
Microsoft Visual Studio Solution File, Format Version 12.00
# Visual Studio Version 16
VisualStudioVersion = 16.0.32602.291
MinimumVisualStudioVersion = 10.0.40219.1
Project("{FAE04EC0-301F-11D3-BF4B-00C04F79EFBC}") = "OnlineOkulSistemi", "OnlineOkulSistemi\OnlineOkulSistemi.csproj", "{78AC7DDE-F1DB-407A-9F5E-F0DF6795951D}"
EndProject
Global
	GlobalSection(SolutionConfigurationPlatforms) = preSolution
		Debug|Any CPU = Debug|Any CPU
		Release|Any CPU = Release|Any CPU
	EndGlobalSection
	GlobalSection(ProjectConfigurationPlatforms) = postSolution
		{78AC7DDE-F1DB-407A-9F5E-F0DF6795951D}.Debug|Any CPU.ActiveCfg = Debug|Any CPU
		{78AC7DDE-F1DB-407A-9F5E-F0DF6795951D}.Debug|Any CPU.Build.0 = Debug|Any CPU
		{78AC7DDE-F1DB-407A-9F5E-F0DF6795951D}.Release|Any CPU.ActiveCfg = Release|Any CPU
		{78AC7DDE-F1DB-407A-9F5E-F0DF6795951D}.Release|Any CPU.Build.0 = Release|Any CPU
	EndGlobalSection
	GlobalSection(SolutionProperties) = preSolution
		HideSolutionNode = FALSE
	EndGlobalSection
	GlobalSection(ExtensibilityGlobals) = postSolution
		SolutionGuid = {28EE4D0F-0421-47DC-864F-968176485BAE}
	EndGlobalSection
EndGlobal
